
Microsoft Visual Studio Solution File, Format Version 11.00
# Visual Studio 2010
Project("{FAE04EC0-301F-11D3-BF4B-00C04F79EFBC}") = "vWap  - noDev alert", "vWap  - noDev alert\vWap  - noDev alert.csproj", "{BF96DE3E-662D-48A1-A2F4-9367C0079CA8}"
EndProject
Global
	GlobalSection(SolutionConfigurationPlatforms) = preSolution
		Debug|Any CPU = Debug|Any CPU
		Release|Any CPU = Release|Any CPU
	EndGlobalSection
	GlobalSection(ProjectConfigurationPlatforms) = postSolution
		{BF96DE3E-662D-48A1-A2F4-9367C0079CA8}.Debug|Any CPU.ActiveCfg = Debug|Any CPU
		{BF96DE3E-662D-48A1-A2F4-9367C0079CA8}.Debug|Any CPU.Build.0 = Debug|Any CPU
		{BF96DE3E-662D-48A1-A2F4-9367C0079CA8}.Release|Any CPU.ActiveCfg = Release|Any CPU
		{BF96DE3E-662D-48A1-A2F4-9367C0079CA8}.Release|Any CPU.Build.0 = Release|Any CPU
	EndGlobalSection
	GlobalSection(SolutionProperties) = preSolution
		HideSolutionNode = FALSE
	EndGlobalSection
EndGlobal
